
Microsoft Visual Studio Solution File, Format Version 12.00
# Visual Studio Version 17
VisualStudioVersion = 17.14.36811.4 d17.14
MinimumVisualStudioVersion = 10.0.40219.1
Project("{FAE04EC0-301F-11D3-BF4B-00C04F79EFBC}") = "Library Management", "NenTang\Library Management.csproj", "{EEC903D1-A8B9-46CF-BF89-8EC6AB6DA96B}"
EndProject
Global
	GlobalSection(SolutionConfigurationPlatforms) = preSolution
		Debug|Any CPU = Debug|Any CPU
		Release|Any CPU = Release|Any CPU
	EndGlobalSection
	GlobalSection(ProjectConfigurationPlatforms) = postSolution
		{EEC903D1-A8B9-46CF-BF89-8EC6AB6DA96B}.Debug|Any CPU.ActiveCfg = Debug|Any CPU
		{EEC903D1-A8B9-46CF-BF89-8EC6AB6DA96B}.Debug|Any CPU.Build.0 = Debug|Any CPU
		{EEC903D1-A8B9-46CF-BF89-8EC6AB6DA96B}.Release|Any CPU.ActiveCfg = Release|Any CPU
		{EEC903D1-A8B9-46CF-BF89-8EC6AB6DA96B}.Release|Any CPU.Build.0 = Release|Any CPU
	EndGlobalSection
	GlobalSection(SolutionProperties) = preSolution
		HideSolutionNode = FALSE
	EndGlobalSection
	GlobalSection(ExtensibilityGlobals) = postSolution
		SolutionGuid = {AE750B9A-1B98-4034-9396-5DB42396DC03}
	EndGlobalSection
EndGlobal
